
Microsoft Visual Studio Solution File, Format Version 12.00
# Visual Studio Version 16
VisualStudioVersion = 16.0.30002.166
MinimumVisualStudioVersion = 10.0.40219.1
Project("{FAE04EC0-301F-11D3-BF4B-00C04F79EFBC}") = "test2", "test2.csproj", "{422689E5-3120-42E1-9741-349B170F0218}"
EndProject
Global
	GlobalSection(SolutionConfigurationPlatforms) = preSolution
		Debug|Any CPU = Debug|Any CPU
		Release|Any CPU = Release|Any CPU
	EndGlobalSection
	GlobalSection(ProjectConfigurationPlatforms) = postSolution
		{422689E5-3120-42E1-9741-349B170F0218}.Debug|Any CPU.ActiveCfg = Debug|Any CPU
		{422689E5-3120-42E1-9741-349B170F0218}.Debug|Any CPU.Build.0 = Debug|Any CPU
		{422689E5-3120-42E1-9741-349B170F0218}.Release|Any CPU.ActiveCfg = Release|Any CPU
		{422689E5-3120-42E1-9741-349B170F0218}.Release|Any CPU.Build.0 = Release|Any CPU
	EndGlobalSection
	GlobalSection(SolutionProperties) = preSolution
		HideSolutionNode = FALSE
	EndGlobalSection
	GlobalSection(ExtensibilityGlobals) = postSolution
		SolutionGuid = {F7A919D1-68D3-4F67-815A-1E1232D11524}
	EndGlobalSection
EndGlobal
